
Microsoft Visual Studio Solution File, Format Version 12.00
# Visual Studio Version 17
VisualStudioVersion = 17.13.35605.110 d17.13
MinimumVisualStudioVersion = 10.0.40219.1
Project("{FAE04EC0-301F-11D3-BF4B-00C04F79EFBC}") = "DayTodayTransactions", "DayTodayTransactions.csproj", "{F518BC8D-4759-47D0-9263-93A3BB252A75}"
EndProject
Project("{FAE04EC0-301F-11D3-BF4B-00C04F79EFBC}") = "DayTodayTransactionsService", "..\DayTodayTransactionsService\DayTodayTransactionsService.csproj", "{2723C5D1-928D-44E5-A5BB-A1180347BCE8}"
EndProject
Global
	GlobalSection(SolutionConfigurationPlatforms) = preSolution
		Debug|Any CPU = Debug|Any CPU
		Release|Any CPU = Release|Any CPU
	EndGlobalSection
	GlobalSection(ProjectConfigurationPlatforms) = postSolution
		{F518BC8D-4759-47D0-9263-93A3BB252A75}.Debug|Any CPU.ActiveCfg = Debug|Any CPU
		{F518BC8D-4759-47D0-9263-93A3BB252A75}.Debug|Any CPU.Build.0 = Debug|Any CPU
		{F518BC8D-4759-47D0-9263-93A3BB252A75}.Debug|Any CPU.Deploy.0 = Debug|Any CPU
		{F518BC8D-4759-47D0-9263-93A3BB252A75}.Release|Any CPU.ActiveCfg = Release|Any CPU
		{F518BC8D-4759-47D0-9263-93A3BB252A75}.Release|Any CPU.Build.0 = Release|Any CPU
		{F518BC8D-4759-47D0-9263-93A3BB252A75}.Release|Any CPU.Deploy.0 = Release|Any CPU
		{2723C5D1-928D-44E5-A5BB-A1180347BCE8}.Debug|Any CPU.ActiveCfg = Debug|Any CPU
		{2723C5D1-928D-44E5-A5BB-A1180347BCE8}.Debug|Any CPU.Build.0 = Debug|Any CPU
		{2723C5D1-928D-44E5-A5BB-A1180347BCE8}.Release|Any CPU.ActiveCfg = Release|Any CPU
		{2723C5D1-928D-44E5-A5BB-A1180347BCE8}.Release|Any CPU.Build.0 = Release|Any CPU
	EndGlobalSection
	GlobalSection(SolutionProperties) = preSolution
		HideSolutionNode = FALSE
	EndGlobalSection
	GlobalSection(ExtensibilityGlobals) = postSolution
		SolutionGuid = {8B6A66EA-FF88-4A04-A0C7-87B2C4FFB059}
	EndGlobalSection
EndGlobal
